
Microsoft Visual Studio Solution File, Format Version 12.00
# Visual Studio Version 17
VisualStudioVersion = 17.0.31903.59
MinimumVisualStudioVersion = 10.0.40219.1
Project("{FAE04EC0-301F-11D3-BF4B-00C04F79EFBC}") = "WpfWithAspNetCore", "src\WpfWithAspNetCore\WpfWithAspNetCore.csproj", "{BFFE56C1-6F25-4AE9-B87F-F205B9329264}"
EndProject
Global
	GlobalSection(SolutionConfigurationPlatforms) = preSolution
		Debug|Any CPU = Debug|Any CPU
		Release|Any CPU = Release|Any CPU
	EndGlobalSection
	GlobalSection(SolutionProperties) = preSolution
		HideSolutionNode = FALSE
	EndGlobalSection
	GlobalSection(ProjectConfigurationPlatforms) = postSolution
		{BFFE56C1-6F25-4AE9-B87F-F205B9329264}.Debug|Any CPU.ActiveCfg = Debug|Any CPU
		{BFFE56C1-6F25-4AE9-B87F-F205B9329264}.Debug|Any CPU.Build.0 = Debug|Any CPU
		{BFFE56C1-6F25-4AE9-B87F-F205B9329264}.Release|Any CPU.ActiveCfg = Release|Any CPU
		{BFFE56C1-6F25-4AE9-B87F-F205B9329264}.Release|Any CPU.Build.0 = Release|Any CPU
	EndGlobalSection
EndGlobal
